
Microsoft Visual Studio Solution File, Format Version 12.00
# Visual Studio Version 17
VisualStudioVersion = 17.5.002.0
MinimumVisualStudioVersion = 10.0.40219.1
Project("{9A19103F-16F7-4668-BE54-9A1E7A4F7556}") = "Todos.Api", "Todos.Api.csproj", "{5D566BF5-5550-4F31-8A3B-56491AD6AF12}"
EndProject
Global
	GlobalSection(SolutionConfigurationPlatforms) = preSolution
		Debug|Any CPU = Debug|Any CPU
		Release|Any CPU = Release|Any CPU
	EndGlobalSection
	GlobalSection(ProjectConfigurationPlatforms) = postSolution
		{5D566BF5-5550-4F31-8A3B-56491AD6AF12}.Debug|Any CPU.ActiveCfg = Debug|Any CPU
		{5D566BF5-5550-4F31-8A3B-56491AD6AF12}.Debug|Any CPU.Build.0 = Debug|Any CPU
		{5D566BF5-5550-4F31-8A3B-56491AD6AF12}.Release|Any CPU.ActiveCfg = Release|Any CPU
		{5D566BF5-5550-4F31-8A3B-56491AD6AF12}.Release|Any CPU.Build.0 = Release|Any CPU
	EndGlobalSection
	GlobalSection(SolutionProperties) = preSolution
		HideSolutionNode = FALSE
	EndGlobalSection
	GlobalSection(ExtensibilityGlobals) = postSolution
		SolutionGuid = {F772C953-DE7D-4235-A120-0DFFDE55F0D4}
	EndGlobalSection
EndGlobal
